# THIS IS AN AUTOGENERATED FILE. DO NOT EDIT THIS FILE DIRECTLY.
# yarn lockfile v1


openzeppelin-solidity@2.2.0:
  version "2.2.0"
  resolved "http://registry.npm.taobao.org/openzeppelin-solidity/download/openzeppelin-solidity-2.2.0.tgz#1f0e857f53bda29b77a8e72f9a629db81015fd34"
  integrity sha1-Hw6Ff1O9opt3qOcvmmKduBAV/TQ=
