github.com/derekparker/trie v0.0.0-20180212171413-e608c2733dc7 h1:Cab9yoTQh1TxObKfis1DzZ6vFLK5kbeenMjRES/UE3o=
github.com/derekparker/trie v0.0.0-20180212171413-e608c2733dc7/go.mod h1:D6ICZm05D9VN1n/8iOtBxLpXtoGp6HDFUJ1RNVieOSE=
github.com/pkg/errors v0.8.0 h1:WdK/asTD0HN+q6hsWO3/vpuAkAr+tw6aNJNDFFf0+qw=
github.com/pkg/errors v0.8.0/go.mod h1:bwawxfHBFNV+L2hUp1rHADufV3IMtnDRdf1r5NINEl0=
github.com/sammyne/bip39 v0.0.0-20190304102345-47509114a7d7 h1:NyWDuQUWdq9ncbcBqjccmTuSAExrO2jLPboL4UEVICk=
github.com/sammyne/bip39 v0.0.0-20190304102345-47509114a7d7/go.mod h1:I1xjmVwWYuGPs1wVZ/T81GpFyCtucO1LMsPwHLeyi08=
golang.org/x/crypto v0.0.0-20181106171534-e4dc69e5b2fd h1:VtIkGDhk0ph3t+THbvXHfMZ8QHgsBO39Nh52+74pq7w=
golang.org/x/crypto v0.0.0-20181106171534-e4dc69e5b2fd/go.mod h1:6SG95UA2DQfeDnfUPMdvaQW0Q7yPrPDi9nlGo2tz2b4=
golang.org/x/text v0.3.0 h1:g61tztE5qeGQ89tm6NTjjM9VPIm088od1l6aSorWRWg=
golang.org/x/text v0.3.0/go.mod h1:NqM8EUOU14njkJ3fqMW+pc6Ldnwhi/IjpwHt7yyuwOQ=
